# This file is generated by running "yarn install" inside your project.
# Manual changes might be lost - proceed with caution!

__metadata:
  version: 6
  cacheKey: 8

"@isaacs/cliui@npm:^8.0.2":
  version: 8.0.2
  resolution: "@isaacs/cliui@npm:8.0.2"
  dependencies:
    string-width: ^5.1.2
    string-width-cjs: "npm:string-width@^4.2.0"
    strip-ansi: ^7.0.1
    strip-ansi-cjs: "npm:strip-ansi@^6.0.1"
    wrap-ansi: ^8.1.0
    wrap-ansi-cjs: "npm:wrap-ansi@^7.0.0"
  checksum: 4a473b9b32a7d4d3cfb7a614226e555091ff0c5a29a1734c28c72a182c2f6699b26fc6b5c2131dfd841e86b185aea714c72201d7c98c2fba5f17709333a67aeb
  languageName: node
  linkType: hard

"@npmcli/agent@npm:^2.0.0":
  version: 2.2.2
  resolution: "@npmcli/agent@npm:2.2.2"
  dependencies:
    agent-base: ^7.1.0
    http-proxy-agent: ^7.0.0
    https-proxy-agent: ^7.0.1
    lru-cache: ^10.0.1
    socks-proxy-agent: ^8.0.3
  checksum: 67de7b88cc627a79743c88bab35e023e23daf13831a8aa4e15f998b92f5507b644d8ffc3788afc8e64423c612e0785a6a92b74782ce368f49a6746084b50d874
  languageName: node
  linkType: hard

"@npmcli/fs@npm:^3.1.0":
  version: 3.1.1
  resolution: "@npmcli/fs@npm:3.1.1"
  dependencies:
    semver: ^7.3.5
  checksum: d960cab4b93adcb31ce223bfb75c5714edbd55747342efb67dcc2f25e023d930a7af6ece3e75f2f459b6f38fc14d031c766f116cd124fdc937fd33112579e820
  languageName: node
  linkType: hard

"@pkgjs/parseargs@npm:^0.11.0":
  version: 0.11.0
  resolution: "@pkgjs/parseargs@npm:0.11.0"
  checksum: 6ad6a00fc4f2f2cfc6bff76fb1d88b8ee20bc0601e18ebb01b6d4be583733a860239a521a7fbca73b612e66705078809483549d2b18f370eb346c5155c8e4a0f
  languageName: node
  linkType: hard

"abbrev@npm:^2.0.0":
  version: 2.0.0
  resolution: "abbrev@npm:2.0.0"
  checksum: 0e994ad2aa6575f94670d8a2149afe94465de9cedaaaac364e7fb43a40c3691c980ff74899f682f4ca58fa96b4cbd7421a015d3a6defe43a442117d7821a2f36
  languageName: node
  linkType: hard

"agent-base@npm:^7.1.0, agent-base@npm:^7.1.2":
  version: 7.1.4
  resolution: "agent-base@npm:7.1.4"
  checksum: 86a7f542af277cfbd77dd61e7df8422f90bac512953709003a1c530171a9d019d072e2400eab2b59f84b49ab9dd237be44315ca663ac73e82b3922d10ea5eafa
  languageName: node
  linkType: hard

"aggregate-error@npm:^3.0.0":
  version: 3.1.0
  resolution: "aggregate-error@npm:3.1.0"
  dependencies:
    clean-stack: ^2.0.0
    indent-string: ^4.0.0
  checksum: 1101a33f21baa27a2fa8e04b698271e64616b886795fd43c31068c07533c7b3facfcaf4e9e0cab3624bd88f729a592f1c901a1a229c9e490eafce411a8644b79
  languageName: node
  linkType: hard

"ansi-regex@npm:^2.0.0":
  version: 2.1.1
  resolution: "ansi-regex@npm:2.1.1"
  checksum: 190abd03e4ff86794f338a31795d262c1dfe8c91f7e01d04f13f646f1dcb16c5800818f886047876f1272f065570ab86b24b99089f8b68a0e11ff19aed4ca8f1
  languageName: node
  linkType: hard

"ansi-regex@npm:^5.0.1":
  version: 5.0.1
  resolution: "ansi-regex@npm:5.0.1"
  checksum: 2aa4bb54caf2d622f1afdad09441695af2a83aa3fe8b8afa581d205e57ed4261c183c4d3877cee25794443fde5876417d859c108078ab788d6af7e4fe52eb66b
  languageName: node
  linkType: hard

"ansi-regex@npm:^6.2.2":
  version: 6.2.2
  resolution: "ansi-regex@npm:6.2.2"
  checksum: 9b17ce2c6daecc75bcd5966b9ad672c23b184dc3ed9bf3c98a0702f0d2f736c15c10d461913568f2cf527a5e64291c7473358885dd493305c84a1cfed66ba94f
  languageName: node
  linkType: hard

"ansi-styles@npm:^4.0.0":
  version: 4.3.0
  resolution: "ansi-styles@npm:4.3.0"
  dependencies:
    color-convert: ^2.0.1
  checksum: 513b44c3b2105dd14cc42a19271e80f386466c4be574bccf60b627432f9198571ebf4ab1e4c3ba17347658f4ee1711c163d574248c0c1cdc2d5917a0ad582ec4
  languageName: node
  linkType: hard

"ansi-styles@npm:^6.1.0":
  version: 6.2.3
  resolution: "ansi-styles@npm:6.2.3"
  checksum: f1b0829cf048cce870a305819f65ce2adcebc097b6d6479e12e955fd6225df9b9eb8b497083b764df796d94383ff20016cc4dbbae5b40f36138fb65a9d33c2e2
  languageName: node
  linkType: hard

"aproba@npm:^1.0.3":
  version: 1.2.0
  resolution: "aproba@npm:1.2.0"
  checksum: 0fca141966559d195072ed047658b6e6c4fe92428c385dd38e288eacfc55807e7b4989322f030faff32c0f46bb0bc10f1e0ac32ec22d25315a1e5bbc0ebb76dc
  languageName: node
  linkType: hard

"are-we-there-yet@npm:~1.1.2":
  version: 1.1.7
  resolution: "are-we-there-yet@npm:1.1.7"
  dependencies:
    delegates: ^1.0.0
    readable-stream: ^2.0.6
  checksum: 70d251719c969b2745bfe5ddf3ebaefa846a636e90a6d5212573676af5d6670e15457761d4725731e19cbebdce42c4ab0cbedf23ab047f2a08274985aa10a3c7
  languageName: node
  linkType: hard

"balanced-match@npm:^1.0.0":
  version: 1.0.2
  resolution: "balanced-match@npm:1.0.2"
  checksum: 9706c088a283058a8a99e0bf91b0a2f75497f185980d9ffa8b304de1d9e58ebda7c72c07ebf01dadedaac5b2907b2c6f566f660d62bd336c3468e960403b9d65
  languageName: node
  linkType: hard

"base64-js@npm:^1.3.1":
  version: 1.5.1
  resolution: "base64-js@npm:1.5.1"
  checksum: 669632eb3745404c2f822a18fc3a0122d2f9a7a13f7fb8b5823ee19d1d2ff9ee5b52c53367176ea4ad093c332fd5ab4bd0ebae5a8e27917a4105a4cfc86b1005
  languageName: node
  linkType: hard

"bl@npm:^4.0.3":
  version: 4.1.0
  resolution: "bl@npm:4.1.0"
  dependencies:
    buffer: ^5.5.0
    inherits: ^2.0.4
    readable-stream: ^3.4.0
  checksum: 9e8521fa7e83aa9427c6f8ccdcba6e8167ef30cc9a22df26effcc5ab682ef91d2cbc23a239f945d099289e4bbcfae7a192e9c28c84c6202e710a0dfec3722662
  languageName: node
  linkType: hard

"brace-expansion@npm:^2.0.2":
  version: 2.1.1
  resolution: "brace-expansion@npm:2.1.1"
  dependencies:
    balanced-match: ^1.0.0
  checksum: 4681c533dc4e6c77b3ad795b38683d297fd03c739a17bfb2a338529fa7dcf4540683a79dcd662905f4c5b0db7cfda18daafcd18dd1bbf7c3b076fe0c9c3487eb
  languageName: node
  linkType: hard

"buffer@npm:^5.5.0":
  version: 5.7.1
  resolution: "buffer@npm:5.7.1"
  dependencies:
    base64-js: ^1.3.1
    ieee754: ^1.1.13
  checksum: e2cf8429e1c4c7b8cbd30834ac09bd61da46ce35f5c22a78e6c2f04497d6d25541b16881e30a019c6fd3154150650ccee27a308eff3e26229d788bbdeb08ab84
  languageName: node
  linkType: hard

"cacache@npm:^18.0.0":
  version: 18.0.4
  resolution: "cacache@npm:18.0.4"
  dependencies:
    "@npmcli/fs": ^3.1.0
    fs-minipass: ^3.0.0
    glob: ^10.2.2
    lru-cache: ^10.0.1
    minipass: ^7.0.3
    minipass-collect: ^2.0.1
    minipass-flush: ^1.0.5
    minipass-pipeline: ^1.2.4
    p-map: ^4.0.0
    ssri: ^10.0.0
    tar: ^6.1.11
    unique-filename: ^3.0.0
  checksum: b7422c113b4ec750f33beeca0f426a0024c28e3172f332218f48f963e5b970647fa1ac05679fe5bb448832c51efea9fda4456b9a95c3a1af1105fe6c1833cde2
  languageName: node
  linkType: hard

"chownr@npm:^1.1.1":
  version: 1.1.4
  resolution: "chownr@npm:1.1.4"
  checksum: 115648f8eb38bac5e41c3857f3e663f9c39ed6480d1349977c4d96c95a47266fcacc5a5aabf3cb6c481e22d72f41992827db47301851766c4fd77ac21a4f081d
  languageName: node
  linkType: hard

"chownr@npm:^2.0.0":
  version: 2.0.0
  resolution: "chownr@npm:2.0.0"
  checksum: c57cf9dd0791e2f18a5ee9c1a299ae6e801ff58fee96dc8bfd0dcb4738a6ce58dd252a3605b1c93c6418fe4f9d5093b28ffbf4d66648cb2a9c67eaef9679be2f
  languageName: node
  linkType: hard

"clean-stack@npm:^2.0.0":
  version: 2.2.0
  resolution: "clean-stack@npm:2.2.0"
  checksum: 2ac8cd2b2f5ec986a3c743935ec85b07bc174d5421a5efc8017e1f146a1cf5f781ae962618f416352103b32c9cd7e203276e8c28241bbe946160cab16149fb68
  languageName: node
  linkType: hard

"code-point-at@npm:^1.0.0":
  version: 1.1.0
  resolution: "code-point-at@npm:1.1.0"
  checksum: 17d5666611f9b16d64fdf48176d9b7fb1c7d1c1607a189f7e600040a11a6616982876af148230336adb7d8fe728a559f743a4e29db3747e3b1a32fa7f4529681
  languageName: node
  linkType: hard

"color-convert@npm:^2.0.1":
  version: 2.0.1
  resolution: "color-convert@npm:2.0.1"
  dependencies:
    color-name: ~1.1.4
  checksum: 79e6bdb9fd479a205c71d89574fccfb22bd9053bd98c6c4d870d65c132e5e904e6034978e55b43d69fcaa7433af2016ee203ce76eeba9cfa554b373e7f7db336
  languageName: node
  linkType: hard

"color-name@npm:~1.1.4":
  version: 1.1.4
  resolution: "color-name@npm:1.1.4"
  checksum: b0445859521eb4021cd0fb0cc1a75cecf67fceecae89b63f62b201cca8d345baf8b952c966862a9d9a2632987d4f6581f0ec8d957dfacece86f0a7919316f610
  languageName: node
  linkType: hard

"console-control-strings@npm:^1.0.0, console-control-strings@npm:~1.1.0":
  version: 1.1.0
  resolution: "console-control-strings@npm:1.1.0"
  checksum: 8755d76787f94e6cf79ce4666f0c5519906d7f5b02d4b884cf41e11dcd759ed69c57da0670afd9236d229a46e0f9cf519db0cd829c6dca820bb5a5c3def584ed
  languageName: node
  linkType: hard

"core-util-is@npm:~1.0.0":
  version: 1.0.3
  resolution: "core-util-is@npm:1.0.3"
  checksum: 9de8597363a8e9b9952491ebe18167e3b36e7707569eed0ebf14f8bba773611376466ae34575bca8cfe3c767890c859c74056084738f09d4e4a6f902b2ad7d99
  languageName: node
  linkType: hard

"cross-spawn@npm:^7.0.6":
  version: 7.0.6
  resolution: "cross-spawn@npm:7.0.6"
  dependencies:
    path-key: ^3.1.0
    shebang-command: ^2.0.0
    which: ^2.0.1
  checksum: 8d306efacaf6f3f60e0224c287664093fa9185680b2d195852ba9a863f85d02dcc737094c6e512175f8ee0161f9b87c73c6826034c2422e39de7d6569cf4503b
  languageName: node
  linkType: hard

"debug@npm:4":
  version: 4.3.4
  resolution: "debug@npm:4.3.4"
  dependencies:
    ms: 2.1.2
  peerDependenciesMeta:
    supports-color:
      optional: true
  checksum: 3dbad3f94ea64f34431a9cbf0bafb61853eda57bff2880036153438f50fb5a84f27683ba0d8e5426bf41a8c6ff03879488120cf5b3a761e77953169c0600a708
  languageName: node
  linkType: hard

"debug@npm:^4.3.4":
  version: 4.4.3
  resolution: "debug@npm:4.4.3"
  dependencies:
    ms: ^2.1.3
  peerDependenciesMeta:
    supports-color:
      optional: true
  checksum: 4805abd570e601acdca85b6aa3757186084a45cff9b2fa6eee1f3b173caa776b45f478b2a71a572d616d2010cea9211d0ac4a02a610e4c18ac4324bde3760834
  languageName: node
  linkType: hard

"decompress-response@npm:^4.2.0":
  version: 4.2.1
  resolution: "decompress-response@npm:4.2.1"
  dependencies:
    mimic-response: ^2.0.0
  checksum: 4e783ca4dfe9417354d61349750fe05236f565a4415a6ca20983a311be2371debaedd9104c0b0e7b36e5f167aeaae04f84f1a0b3f8be4162f1d7d15598b8fdba
  languageName: node
  linkType: hard

"deep-extend@npm:^0.6.0":
  version: 0.6.0
  resolution: "deep-extend@npm:0.6.0"
  checksum: 7be7e5a8d468d6b10e6a67c3de828f55001b6eb515d014f7aeb9066ce36bd5717161eb47d6a0f7bed8a9083935b465bc163ee2581c8b128d29bf61092fdf57a7
  languageName: node
  linkType: hard

"delegates@npm:^1.0.0":
  version: 1.0.0
  resolution: "delegates@npm:1.0.0"
  checksum: a51744d9b53c164ba9c0492471a1a2ffa0b6727451bdc89e31627fdf4adda9d51277cfcbfb20f0a6f08ccb3c436f341df3e92631a3440226d93a8971724771fd
  languageName: node
  linkType: hard

"detect-libc@npm:^1.0.3":
  version: 1.0.3
  resolution: "detect-libc@npm:1.0.3"
  bin:
    detect-libc: ./bin/detect-libc.js
  checksum: daaaed925ffa7889bd91d56e9624e6c8033911bb60f3a50a74a87500680652969dbaab9526d1e200a4c94acf80fc862a22131841145a0a8482d60a99c24f4a3e
  languageName: node
  linkType: hard

"eastasianwidth@npm:^0.2.0":
  version: 0.2.0
  resolution: "eastasianwidth@npm:0.2.0"
  checksum: 7d00d7cd8e49b9afa762a813faac332dee781932d6f2c848dc348939c4253f1d4564341b7af1d041853bc3f32c2ef141b58e0a4d9862c17a7f08f68df1e0f1ed
  languageName: node
  linkType: hard

"emoji-regex@npm:^8.0.0":
  version: 8.0.0
  resolution: "emoji-regex@npm:8.0.0"
  checksum: d4c5c39d5a9868b5fa152f00cada8a936868fd3367f33f71be515ecee4c803132d11b31a6222b2571b1e5f7e13890156a94880345594d0ce7e3c9895f560f192
  languageName: node
  linkType: hard

"emoji-regex@npm:^9.2.2":
  version: 9.2.2
  resolution: "emoji-regex@npm:9.2.2"
  checksum: 8487182da74aabd810ac6d6f1994111dfc0e331b01271ae01ec1eb0ad7b5ecc2bbbbd2f053c05cb55a1ac30449527d819bbfbf0e3de1023db308cbcb47f86601
  languageName: node
  linkType: hard

"encoding@npm:^0.1.13":
  version: 0.1.13
  resolution: "encoding@npm:0.1.13"
  dependencies:
    iconv-lite: ^0.6.2
  checksum: bb98632f8ffa823996e508ce6a58ffcf5856330fde839ae42c9e1f436cc3b5cc651d4aeae72222916545428e54fd0f6aa8862fd8d25bdbcc4589f1e3f3715e7f
  languageName: node
  linkType: hard

"end-of-stream@npm:^1.1.0, end-of-stream@npm:^1.4.1":
  version: 1.4.4
  resolution: "end-of-stream@npm:1.4.4"
  dependencies:
    once: ^1.4.0
  checksum: 530a5a5a1e517e962854a31693dbb5c0b2fc40b46dad2a56a2deec656ca040631124f4795823acc68238147805f8b021abbe221f4afed5ef3c8e8efc2024908b
  languageName: node
  linkType: hard

"env-paths@npm:^2.2.0":
  version: 2.2.1
  resolution: "env-paths@npm:2.2.1"
  checksum: 65b5df55a8bab92229ab2b40dad3b387fad24613263d103a97f91c9fe43ceb21965cd3392b1ccb5d77088021e525c4e0481adb309625d0cb94ade1d1fb8dc17e
  languageName: node
  linkType: hard

"err-code@npm:^2.0.2":
  version: 2.0.3
  resolution: "err-code@npm:2.0.3"
  checksum: 8b7b1be20d2de12d2255c0bc2ca638b7af5171142693299416e6a9339bd7d88fc8d7707d913d78e0993176005405a236b066b45666b27b797252c771156ace54
  languageName: node
  linkType: hard

"expand-template@npm:^2.0.3":
  version: 2.0.3
  resolution: "expand-template@npm:2.0.3"
  checksum: 588c19847216421ed92befb521767b7018dc88f88b0576df98cb242f20961425e96a92cbece525ef28cc5becceae5d544ae0f5b9b5e2aa05acb13716ca5b3099
  languageName: node
  linkType: hard

"exponential-backoff@npm:^3.1.1":
  version: 3.1.1
  resolution: "exponential-backoff@npm:3.1.1"
  checksum: 3d21519a4f8207c99f7457287291316306255a328770d320b401114ec8481986e4e467e854cb9914dd965e0a1ca810a23ccb559c642c88f4c7f55c55778a9b48
  languageName: node
  linkType: hard

"foreground-child@npm:^3.1.0":
  version: 3.3.1
  resolution: "foreground-child@npm:3.3.1"
  dependencies:
    cross-spawn: ^7.0.6
    signal-exit: ^4.0.1
  checksum: b2c1a6fc0bf0233d645d9fefdfa999abf37db1b33e5dab172b3cbfb0662b88bfbd2c9e7ab853533d199050ec6b65c03fcf078fc212d26e4990220e98c6930eef
  languageName: node
  linkType: hard

"fs-constants@npm:^1.0.0":
  version: 1.0.0
  resolution: "fs-constants@npm:1.0.0"
  checksum: 18f5b718371816155849475ac36c7d0b24d39a11d91348cfcb308b4494824413e03572c403c86d3a260e049465518c4f0d5bd00f0371cdfcad6d4f30a85b350d
  languageName: node
  linkType: hard

"fs-minipass@npm:^2.0.0":
  version: 2.1.0
  resolution: "fs-minipass@npm:2.1.0"
  dependencies:
    minipass: ^3.0.0
  checksum: 1b8d128dae2ac6cc94230cc5ead341ba3e0efaef82dab46a33d171c044caaa6ca001364178d42069b2809c35a1c3c35079a32107c770e9ffab3901b59af8c8b1
  languageName: node
  linkType: hard

"fs-minipass@npm:^3.0.0":
  version: 3.0.3
  resolution: "fs-minipass@npm:3.0.3"
  dependencies:
    minipass: ^7.0.3
  checksum: 8722a41109130851d979222d3ec88aabaceeaaf8f57b2a8f744ef8bd2d1ce95453b04a61daa0078822bc5cd21e008814f06fe6586f56fef511e71b8d2394d802
  languageName: node
  linkType: hard

"gauge@npm:~2.7.3":
  version: 2.7.4
  resolution: "gauge@npm:2.7.4"
  dependencies:
    aproba: ^1.0.3
    console-control-strings: ^1.0.0
    has-unicode: ^2.0.0
    object-assign: ^4.1.0
    signal-exit: ^3.0.0
    string-width: ^1.0.1
    strip-ansi: ^3.0.1
    wide-align: ^1.1.0
  checksum: a89b53cee65579b46832e050b5f3a79a832cc422c190de79c6b8e2e15296ab92faddde6ddf2d376875cbba2b043efa99b9e1ed8124e7365f61b04e3cee9d40ee
  languageName: node
  linkType: hard

"github-from-package@npm:0.0.0":
  version: 0.0.0
  resolution: "github-from-package@npm:0.0.0"
  checksum: 14e448192a35c1e42efee94c9d01a10f42fe790375891a24b25261246ce9336ab9df5d274585aedd4568f7922246c2a78b8a8cd2571bfe99c693a9718e7dd0e3
  languageName: node
  linkType: hard

"glob@npm:^10.2.2, glob@npm:^10.3.10":
  version: 10.5.0
  resolution: "glob@npm:10.5.0"
  dependencies:
    foreground-child: ^3.1.0
    jackspeak: ^3.1.2
    minimatch: ^9.0.4
    minipass: ^7.1.2
    package-json-from-dist: ^1.0.0
    path-scurry: ^1.11.1
  bin:
    glob: dist/esm/bin.mjs
  checksum: cda96c074878abca9657bd984d2396945cf0d64283f6feeb40d738fe2da642be0010ad5210a1646244a5fc3511b0cab5a374569b3de5a12b8a63d392f18c6043
  languageName: node
  linkType: hard

"graceful-fs@npm:^4.2.6":
  version: 4.2.10
  resolution: "graceful-fs@npm:4.2.10"
  checksum: 3f109d70ae123951905d85032ebeae3c2a5a7a997430df00ea30df0e3a6c60cf6689b109654d6fdacd28810a053348c4d14642da1d075049e6be1ba5216218da
  languageName: node
  linkType: hard

"has-unicode@npm:^2.0.0":
  version: 2.0.1
  resolution: "has-unicode@npm:2.0.1"
  checksum: 1eab07a7436512db0be40a710b29b5dc21fa04880b7f63c9980b706683127e3c1b57cb80ea96d47991bdae2dfe479604f6a1ba410106ee1046a41d1bd0814400
  languageName: node
  linkType: hard

"http-cache-semantics@npm:^4.1.1":
  version: 4.2.0
  resolution: "http-cache-semantics@npm:4.2.0"
  checksum: 7a7246ddfce629f96832791176fd643589d954e6f3b49548dadb4290451961237fab8fcea41cd2008fe819d95b41c1e8b97f47d088afc0a1c81705287b4ddbcc
  languageName: node
  linkType: hard

"http-proxy-agent@npm:^7.0.0":
  version: 7.0.2
  resolution: "http-proxy-agent@npm:7.0.2"
  dependencies:
    agent-base: ^7.1.0
    debug: ^4.3.4
  checksum: 670858c8f8f3146db5889e1fa117630910101db601fff7d5a8aa637da0abedf68c899f03d3451cac2f83bcc4c3d2dabf339b3aa00ff8080571cceb02c3ce02f3
  languageName: node
  linkType: hard

"https-proxy-agent@npm:^7.0.1":
  version: 7.0.6
  resolution: "https-proxy-agent@npm:7.0.6"
  dependencies:
    agent-base: ^7.1.2
    debug: 4
  checksum: b882377a120aa0544846172e5db021fa8afbf83fea2a897d397bd2ddd8095ab268c24bc462f40a15f2a8c600bf4aa05ce52927f70038d4014e68aefecfa94e8d
  languageName: node
  linkType: hard

"iconv-lite@npm:^0.6.2":
  version: 0.6.3
  resolution: "iconv-lite@npm:0.6.3"
  dependencies:
    safer-buffer: ">= 2.1.2 < 3.0.0"
  checksum: 3f60d47a5c8fc3313317edfd29a00a692cc87a19cac0159e2ce711d0ebc9019064108323b5e493625e25594f11c6236647d8e256fbe7a58f4a3b33b89e6d30bf
  languageName: node
  linkType: hard

"ieee754@npm:^1.1.13":
  version: 1.2.1
  resolution: "ieee754@npm:1.2.1"
  checksum: 5144c0c9815e54ada181d80a0b810221a253562422e7c6c3a60b1901154184f49326ec239d618c416c1c5945a2e197107aee8d986a3dd836b53dffefd99b5e7e
  languageName: node
  linkType: hard

"imurmurhash@npm:^0.1.4":
  version: 0.1.4
  resolution: "imurmurhash@npm:0.1.4"
  checksum: 7cae75c8cd9a50f57dadd77482359f659eaebac0319dd9368bcd1714f55e65badd6929ca58569da2b6494ef13fdd5598cd700b1eba23f8b79c5f19d195a3ecf7
  languageName: node
  linkType: hard

"indent-string@npm:^4.0.0":
  version: 4.0.0
  resolution: "indent-string@npm:4.0.0"
  checksum: 824cfb9929d031dabf059bebfe08cf3137365e112019086ed3dcff6a0a7b698cb80cf67ccccde0e25b9e2d7527aa6cc1fed1ac490c752162496caba3e6699612
  languageName: node
  linkType: hard

"inherits@npm:^2.0.3, inherits@npm:^2.0.4, inherits@npm:~2.0.3":
  version: 2.0.4
  resolution: "inherits@npm:2.0.4"
  checksum: 4a48a733847879d6cf6691860a6b1e3f0f4754176e4d71494c41f3475553768b10f84b5ce1d40fbd0e34e6bfbb864ee35858ad4dd2cf31e02fc4a154b724d7f1
  languageName: node
  linkType: hard

"ini@npm:~1.3.0":
  version: 1.3.8
  resolution: "ini@npm:1.3.8"
  checksum: dfd98b0ca3a4fc1e323e38a6c8eb8936e31a97a918d3b377649ea15bdb15d481207a0dda1021efbd86b464cae29a0d33c1d7dcaf6c5672bee17fa849bc50a1b3
  languageName: node
  linkType: hard

"ip-address@npm:^10.1.1":
  version: 10.2.0
  resolution: "ip-address@npm:10.2.0"
  checksum: 3ffba04dc4cdaf81ed2ed6edc47eee1494bb97550ef73f1918ca28405d175c03efa416b8337e868123b08c2cc677e3a07c5ce03eda3b1aeb2741c149bd37ddf9
  languageName: node
  linkType: hard

"is-fullwidth-code-point@npm:^1.0.0":
  version: 1.0.0
  resolution: "is-fullwidth-code-point@npm:1.0.0"
  dependencies:
    number-is-nan: ^1.0.0
  checksum: 4d46a7465a66a8aebcc5340d3b63a56602133874af576a9ca42c6f0f4bd787a743605771c5f246db77da96605fefeffb65fc1dbe862dcc7328f4b4d03edf5a57
  languageName: node
  linkType: hard

"is-fullwidth-code-point@npm:^3.0.0":
  version: 3.0.0
  resolution: "is-fullwidth-code-point@npm:3.0.0"
  checksum: 44a30c29457c7fb8f00297bce733f0a64cd22eca270f83e58c105e0d015e45c019491a4ab2faef91ab51d4738c670daff901c799f6a700e27f7314029e99e348
  languageName: node
  linkType: hard

"is-lambda@npm:^1.0.1":
  version: 1.0.1
  resolution: "is-lambda@npm:1.0.1"
  checksum: 93a32f01940220532e5948538699ad610d5924ac86093fcee83022252b363eb0cc99ba53ab084a04e4fb62bf7b5731f55496257a4c38adf87af9c4d352c71c35
  languageName: node
  linkType: hard

"isarray@npm:~1.0.0":
  version: 1.0.0
  resolution: "isarray@npm:1.0.0"
  checksum: f032df8e02dce8ec565cf2eb605ea939bdccea528dbcf565cdf92bfa2da9110461159d86a537388ef1acef8815a330642d7885b29010e8f7eac967c9993b65ab
  languageName: node
  linkType: hard

"isexe@npm:^2.0.0":
  version: 2.0.0
  resolution: "isexe@npm:2.0.0"
  checksum: 26bf6c5480dda5161c820c5b5c751ae1e766c587b1f951ea3fcfc973bafb7831ae5b54a31a69bd670220e42e99ec154475025a468eae58ea262f813fdc8d1c62
  languageName: node
  linkType: hard

"isexe@npm:^3.1.1":
  version: 3.1.5
  resolution: "isexe@npm:3.1.5"
  checksum: ae479f6b0505507f1a73c1d57be6d0546e59fc9202bb0d5b31ba8ff5f3e79dd385bce57a2e60c5645aba567018cbbfc663519cd28367e9962242d97dd151d2ab
  languageName: node
  linkType: hard

"jackspeak@npm:^3.1.2":
  version: 3.4.3
  resolution: "jackspeak@npm:3.4.3"
  dependencies:
    "@isaacs/cliui": ^8.0.2
    "@pkgjs/parseargs": ^0.11.0
  dependenciesMeta:
    "@pkgjs/parseargs":
      optional: true
  checksum: be31027fc72e7cc726206b9f560395604b82e0fddb46c4cbf9f97d049bcef607491a5afc0699612eaa4213ca5be8fd3e1e7cd187b3040988b65c9489838a7c00
  languageName: node
  linkType: hard

"keytar@npm:7.6":
  version: 7.6.0
  resolution: "keytar@npm:7.6.0"
  dependencies:
    node-addon-api: ^3.0.0
    node-gyp: latest
    prebuild-install: ^6.0.0
  checksum: bdae7ad2c48342edaf4c216b9b9e1e7241f8aec3f8a73c7cecdee3000e9a830e56ca3ce186d89955efb5fdd8d9662b08261ccf47cac9cb69a67f18fc56295338
  languageName: node
  linkType: hard

"lru-cache@npm:^10.0.1, lru-cache@npm:^10.2.0":
  version: 10.4.3
  resolution: "lru-cache@npm:10.4.3"
  checksum: 6476138d2125387a6d20f100608c2583d415a4f64a0fecf30c9e2dda976614f09cad4baa0842447bd37dd459a7bd27f57d9d8f8ce558805abd487c583f3d774a
  languageName: node
  linkType: hard

"lru-cache@npm:^6.0.0":
  version: 6.0.0
  resolution: "lru-cache@npm:6.0.0"
  dependencies:
    yallist: ^4.0.0
  checksum: f97f499f898f23e4585742138a22f22526254fdba6d75d41a1c2526b3b6cc5747ef59c5612ba7375f42aca4f8461950e925ba08c991ead0651b4918b7c978297
  languageName: node
  linkType: hard

"make-fetch-happen@npm:^13.0.0":
  version: 13.0.1
  resolution: "make-fetch-happen@npm:13.0.1"
  dependencies:
    "@npmcli/agent": ^2.0.0
    cacache: ^18.0.0
    http-cache-semantics: ^4.1.1
    is-lambda: ^1.0.1
    minipass: ^7.0.2
    minipass-fetch: ^3.0.0
    minipass-flush: ^1.0.5
    minipass-pipeline: ^1.2.4
    negotiator: ^0.6.3
    proc-log: ^4.2.0
    promise-retry: ^2.0.1
    ssri: ^10.0.0
  checksum: 5c9fad695579b79488fa100da05777213dd9365222f85e4757630f8dd2a21a79ddd3206c78cfd6f9b37346819681782b67900ac847a57cf04190f52dda5343fd
  languageName: node
  linkType: hard

"mimic-response@npm:^2.0.0":
  version: 2.1.0
  resolution: "mimic-response@npm:2.1.0"
  checksum: 014fad6ab936657e5f2f48bd87af62a8e928ebe84472aaf9e14fec4fcb31257a5edff77324d8ac13ddc6685ba5135cf16e381efac324e5f174fb4ddbf902bf07
  languageName: node
  linkType: hard

"minimatch@npm:^9.0.4":
  version: 9.0.9
  resolution: "minimatch@npm:9.0.9"
  dependencies:
    brace-expansion: ^2.0.2
  checksum: 5292681ba1e14544ca9214ba5e412bb346214fb783354b22752f2d1e5c176e4a2c0bfcafeb1046389b816009ab73ba5410b176ce605632e8aa695db25f87f6b9
  languageName: node
  linkType: hard

"minimist@npm:^1.2.0, minimist@npm:^1.2.3":
  version: 1.2.5
  resolution: "minimist@npm:1.2.5"
  checksum: 86706ce5b36c16bfc35c5fe3dbb01d5acdc9a22f2b6cc810b6680656a1d2c0e44a0159c9a3ba51fb072bb5c203e49e10b51dcd0eec39c481f4c42086719bae52
  languageName: node
  linkType: hard

"minipass-collect@npm:^2.0.1":
  version: 2.0.1
  resolution: "minipass-collect@npm:2.0.1"
  dependencies:
    minipass: ^7.0.3
  checksum: b251bceea62090f67a6cced7a446a36f4cd61ee2d5cea9aee7fff79ba8030e416327a1c5aa2908dc22629d06214b46d88fdab8c51ac76bacbf5703851b5ad342
  languageName: node
  linkType: hard

"minipass-fetch@npm:^3.0.0":
  version: 3.0.5
  resolution: "minipass-fetch@npm:3.0.5"
  dependencies:
    encoding: ^0.1.13
    minipass: ^7.0.3
    minipass-sized: ^1.0.3
    minizlib: ^2.1.2
  dependenciesMeta:
    encoding:
      optional: true
  checksum: 8047d273236157aab27ab7cd8eab7ea79e6ecd63e8f80c3366ec076cb9a0fed550a6935bab51764369027c414647fd8256c2a20c5445fb250c483de43350de83
  languageName: node
  linkType: hard

"minipass-flush@npm:^1.0.5":
  version: 1.0.5
  resolution: "minipass-flush@npm:1.0.5"
  dependencies:
    minipass: ^3.0.0
  checksum: 56269a0b22bad756a08a94b1ffc36b7c9c5de0735a4dd1ab2b06c066d795cfd1f0ac44a0fcae13eece5589b908ecddc867f04c745c7009be0b566421ea0944cf
  languageName: node
  linkType: hard

"minipass-pipeline@npm:^1.2.4":
  version: 1.2.4
  resolution: "minipass-pipeline@npm:1.2.4"
  dependencies:
    minipass: ^3.0.0
  checksum: b14240dac0d29823c3d5911c286069e36d0b81173d7bdf07a7e4a91ecdef92cdff4baaf31ea3746f1c61e0957f652e641223970870e2353593f382112257971b
  languageName: node
  linkType: hard

"minipass-sized@npm:^1.0.3":
  version: 1.0.3
  resolution: "minipass-sized@npm:1.0.3"
  dependencies:
    minipass: ^3.0.0
  checksum: 79076749fcacf21b5d16dd596d32c3b6bf4d6e62abb43868fac21674078505c8b15eaca4e47ed844985a4514854f917d78f588fcd029693709417d8f98b2bd60
  languageName: node
  linkType: hard

"minipass@npm:^3.0.0":
  version: 3.3.6
  resolution: "minipass@npm:3.3.6"
  dependencies:
    yallist: ^4.0.0
  checksum: a30d083c8054cee83cdcdc97f97e4641a3f58ae743970457b1489ce38ee1167b3aaf7d815cd39ec7a99b9c40397fd4f686e83750e73e652b21cb516f6d845e48
  languageName: node
  linkType: hard

"minipass@npm:^4.0.0":
  version: 4.0.3
  resolution: "minipass@npm:4.0.3"
  checksum: a09f405e2f380ae7f6ee0cbb53b45c1fcc1b6c70fc3896f4d20649d92a10e61892c57bd9960a64cedf6c90b50022cb6c195905b515039c335b423202f99e6f18
  languageName: node
  linkType: hard

"minipass@npm:^5.0.0":
  version: 5.0.0
  resolution: "minipass@npm:5.0.0"
  checksum: 425dab288738853fded43da3314a0b5c035844d6f3097a8e3b5b29b328da8f3c1af6fc70618b32c29ff906284cf6406b6841376f21caaadd0793c1d5a6a620ea
  languageName: node
  linkType: hard

"minipass@npm:^5.0.0 || ^6.0.2 || ^7.0.0, minipass@npm:^7.0.2, minipass@npm:^7.0.3, minipass@npm:^7.1.2":
  version: 7.1.3
  resolution: "minipass@npm:7.1.3"
  checksum: 2ede17c0bf8fec499be3360fd07f0ec7666189e3907320a9b653f1530cf84af98928c5b12d80bfb75f321833bf2e97785b940540213ebdafe97a5f10327e664d
  languageName: node
  linkType: hard

"minizlib@npm:^2.1.1, minizlib@npm:^2.1.2":
  version: 2.1.2
  resolution: "minizlib@npm:2.1.2"
  dependencies:
    minipass: ^3.0.0
    yallist: ^4.0.0
  checksum: f1fdeac0b07cf8f30fcf12f4b586795b97be856edea22b5e9072707be51fc95d41487faec3f265b42973a304fe3a64acd91a44a3826a963e37b37bafde0212c3
  languageName: node
  linkType: hard

"mkdirp-classic@npm:^0.5.2, mkdirp-classic@npm:^0.5.3":
  version: 0.5.3
  resolution: "mkdirp-classic@npm:0.5.3"
  checksum: 3f4e088208270bbcc148d53b73e9a5bd9eef05ad2cbf3b3d0ff8795278d50dd1d11a8ef1875ff5aea3fa888931f95bfcb2ad5b7c1061cfefd6284d199e6776ac
  languageName: node
  linkType: hard

"mkdirp@npm:^1.0.3":
  version: 1.0.4
  resolution: "mkdirp@npm:1.0.4"
  bin:
    mkdirp: bin/cmd.js
  checksum: a96865108c6c3b1b8e1d5e9f11843de1e077e57737602de1b82030815f311be11f96f09cce59bd5b903d0b29834733e5313f9301e3ed6d6f6fba2eae0df4298f
  languageName: node
  linkType: hard

"ms@npm:2.1.2":
  version: 2.1.2
  resolution: "ms@npm:2.1.2"
  checksum: 673cdb2c3133eb050c745908d8ce632ed2c02d85640e2edb3ace856a2266a813b30c613569bf3354fdf4ea7d1a1494add3bfa95e2713baa27d0c2c71fc44f58f
  languageName: node
  linkType: hard

"ms@npm:^2.1.3":
  version: 2.1.3
  resolution: "ms@npm:2.1.3"
  checksum: aa92de608021b242401676e35cfa5aa42dd70cbdc082b916da7fb925c542173e36bce97ea3e804923fe92c0ad991434e4a38327e15a1b5b5f945d66df615ae6d
  languageName: node
  linkType: hard

"napi-build-utils@npm:^1.0.1":
  version: 1.0.2
  resolution: "napi-build-utils@npm:1.0.2"
  checksum: 06c14271ee966e108d55ae109f340976a9556c8603e888037145d6522726aebe89dd0c861b4b83947feaf6d39e79e08817559e8693deedc2c94e82c5cbd090c7
  languageName: node
  linkType: hard

"negotiator@npm:^0.6.3":
  version: 0.6.3
  resolution: "negotiator@npm:0.6.3"
  checksum: b8ffeb1e262eff7968fc90a2b6767b04cfd9842582a9d0ece0af7049537266e7b2506dfb1d107a32f06dd849ab2aea834d5830f7f4d0e5cb7d36e1ae55d021d9
  languageName: node
  linkType: hard

"node-abi@npm:^3.28.0":
  version: 3.28.0
  resolution: "node-abi@npm:3.28.0"
  dependencies:
    semver: ^7.3.5
  checksum: ed8db5e58fc9e1400a3f74d8815b6981208a4fca2031e2c5f5986f58f7e3a1f4161dae82c655f9114892b3f46c21c02feec10fbac0f8ffcfd26a3d57447093d1
  languageName: node
  linkType: hard

"node-addon-api@npm:^3.0.0":
  version: 3.2.1
  resolution: "node-addon-api@npm:3.2.1"
  dependencies:
    node-gyp: latest
  checksum: 2369986bb0881ccd9ef6bacdf39550e07e089a9c8ede1cbc5fc7712d8e2faa4d50da0e487e333d4125f8c7a616c730131d1091676c9d499af1d74560756b4a18
  languageName: node
  linkType: hard

"node-gyp-build@npm:4.x.x":
  version: 4.6.0
  resolution: "node-gyp-build@npm:4.6.0"
  bin:
    node-gyp-build: bin.js
    node-gyp-build-optional: optional.js
    node-gyp-build-test: build-test.js
  checksum: 25d78c5ef1f8c24291f4a370c47ba52fcea14f39272041a90a7894cd50d766f7c8cb8fb06c0f42bf6f69b204b49d9be3c8fc344aac09714d5bdb95965499eb15
  languageName: node
  linkType: hard

"node-gyp@npm:^10.0":
  version: 10.3.1
  resolution: "node-gyp@npm:10.3.1"
  dependencies:
    env-paths: ^2.2.0
    exponential-backoff: ^3.1.1
    glob: ^10.3.10
    graceful-fs: ^4.2.6
    make-fetch-happen: ^13.0.0
    nopt: ^7.0.0
    proc-log: ^4.1.0
    semver: ^7.3.5
    tar: ^6.2.1
    which: ^4.0.0
  bin:
    node-gyp: bin/node-gyp.js
  checksum: 91b0690ab504fe051ad66863226dc5ecac72b8471f85e8428e4d5ca3217d3a2adfffae48cd555e8d009a4164689fff558b88d2bc9bfd246452a3336ab308cf99
  languageName: node
  linkType: hard

"nopt@npm:^7.0.0":
  version: 7.2.1
  resolution: "nopt@npm:7.2.1"
  dependencies:
    abbrev: ^2.0.0
  bin:
    nopt: bin/nopt.js
  checksum: 6fa729cc77ce4162cfad8abbc9ba31d4a0ff6850c3af61d59b505653bef4781ec059f8890ecfe93ee8aa0c511093369cca88bfc998101616a2904e715bbbb7c9
  languageName: node
  linkType: hard

"npmlog@npm:^4.0.1":
  version: 4.1.2
  resolution: "npmlog@npm:4.1.2"
  dependencies:
    are-we-there-yet: ~1.1.2
    console-control-strings: ~1.1.0
    gauge: ~2.7.3
    set-blocking: ~2.0.0
  checksum: edbda9f95ec20957a892de1839afc6fb735054c3accf6fbefe767bac9a639fd5cea2baeac6bd2bcd50a85cb54924d57d9886c81c7fbc2332c2ddd19227504192
  languageName: node
  linkType: hard

"number-is-nan@npm:^1.0.0":
  version: 1.0.1
  resolution: "number-is-nan@npm:1.0.1"
  checksum: 13656bc9aa771b96cef209ffca31c31a03b507ca6862ba7c3f638a283560620d723d52e626d57892c7fff475f4c36ac07f0600f14544692ff595abff214b9ffb
  languageName: node
  linkType: hard

"object-assign@npm:^4.1.0":
  version: 4.1.1
  resolution: "object-assign@npm:4.1.1"
  checksum: fcc6e4ea8c7fe48abfbb552578b1c53e0d194086e2e6bbbf59e0a536381a292f39943c6e9628af05b5528aa5e3318bb30d6b2e53cadaf5b8fe9e12c4b69af23f
  languageName: node
  linkType: hard

"once@npm:^1.3.1, once@npm:^1.4.0":
  version: 1.4.0
  resolution: "once@npm:1.4.0"
  dependencies:
    wrappy: 1
  checksum: cd0a88501333edd640d95f0d2700fbde6bff20b3d4d9bdc521bdd31af0656b5706570d6c6afe532045a20bb8dc0849f8332d6f2a416e0ba6d3d3b98806c7db68
  languageName: node
  linkType: hard

"oratio-electron@workspace:.":
  version: 0.0.0-use.local
  resolution: "oratio-electron@workspace:."
  dependencies:
    keytar: 7.6
    uiohook-napi: ^1.5.0
  languageName: unknown
  linkType: soft

"p-map@npm:^4.0.0":
  version: 4.0.0
  resolution: "p-map@npm:4.0.0"
  dependencies:
    aggregate-error: ^3.0.0
  checksum: cb0ab21ec0f32ddffd31dfc250e3afa61e103ef43d957cc45497afe37513634589316de4eb88abdfd969fe6410c22c0b93ab24328833b8eb1ccc087fc0442a1c
  languageName: node
  linkType: hard

"package-json-from-dist@npm:^1.0.0":
  version: 1.0.1
  resolution: "package-json-from-dist@npm:1.0.1"
  checksum: 58ee9538f2f762988433da00e26acc788036914d57c71c246bf0be1b60cdbd77dd60b6a3e1a30465f0b248aeb80079e0b34cb6050b1dfa18c06953bb1cbc7602
  languageName: node
  linkType: hard

"path-key@npm:^3.1.0":
  version: 3.1.1
  resolution: "path-key@npm:3.1.1"
  checksum: 55cd7a9dd4b343412a8386a743f9c746ef196e57c823d90ca3ab917f90ab9f13dd0ded27252ba49dbdfcab2b091d998bc446f6220cd3cea65db407502a740020
  languageName: node
  linkType: hard

"path-scurry@npm:^1.11.1":
  version: 1.11.1
  resolution: "path-scurry@npm:1.11.1"
  dependencies:
    lru-cache: ^10.2.0
    minipass: ^5.0.0 || ^6.0.2 || ^7.0.0
  checksum: 890d5abcd593a7912dcce7cf7c6bf7a0b5648e3dee6caf0712c126ca0a65c7f3d7b9d769072a4d1baf370f61ce493ab5b038d59988688e0c5f3f646ee3c69023
  languageName: node
  linkType: hard

"prebuild-install@npm:^6.0.0":
  version: 6.1.4
  resolution: "prebuild-install@npm:6.1.4"
  dependencies:
    detect-libc: ^1.0.3
    expand-template: ^2.0.3
    github-from-package: 0.0.0
    minimist: ^1.2.3
    mkdirp-classic: ^0.5.3
    napi-build-utils: ^1.0.1
    node-abi: ^2.21.0
    npmlog: ^4.0.1
    pump: ^3.0.0
    rc: ^1.2.7
    simple-get: ^3.0.3
    tar-fs: ^2.0.0
    tunnel-agent: ^0.6.0
  bin:
    prebuild-install: bin.js
  checksum: de4313eda821305912af922700a2db04bb8e77fe8aa9c2788550f1000c026cbefc82da468ec0c0a37764c5417bd8169dbd540928535fb38d00bb9bbd673dd217
  languageName: node
  linkType: hard

"proc-log@npm:^4.1.0, proc-log@npm:^4.2.0":
  version: 4.2.0
  resolution: "proc-log@npm:4.2.0"
  checksum: 98f6cd012d54b5334144c5255ecb941ee171744f45fca8b43b58ae5a0c1af07352475f481cadd9848e7f0250376ee584f6aa0951a856ff8f021bdfbff4eb33fc
  languageName: node
  linkType: hard

"process-nextick-args@npm:~2.0.0":
  version: 2.0.1
  resolution: "process-nextick-args@npm:2.0.1"
  checksum: 1d38588e520dab7cea67cbbe2efdd86a10cc7a074c09657635e34f035277b59fbb57d09d8638346bf7090f8e8ebc070c96fa5fd183b777fff4f5edff5e9466cf
  languageName: node
  linkType: hard

"promise-retry@npm:^2.0.1":
  version: 2.0.1
  resolution: "promise-retry@npm:2.0.1"
  dependencies:
    err-code: ^2.0.2
    retry: ^0.12.0
  checksum: f96a3f6d90b92b568a26f71e966cbbc0f63ab85ea6ff6c81284dc869b41510e6cdef99b6b65f9030f0db422bf7c96652a3fff9f2e8fb4a0f069d8f4430359429
  languageName: node
  linkType: hard

"pump@npm:^3.0.0":
  version: 3.0.0
  resolution: "pump@npm:3.0.0"
  dependencies:
    end-of-stream: ^1.1.0
    once: ^1.3.1
  checksum: e42e9229fba14732593a718b04cb5e1cfef8254544870997e0ecd9732b189a48e1256e4e5478148ecb47c8511dca2b09eae56b4d0aad8009e6fac8072923cfc9
  languageName: node
  linkType: hard

"rc@npm:^1.2.7":
  version: 1.2.8
  resolution: "rc@npm:1.2.8"
  dependencies:
    deep-extend: ^0.6.0
    ini: ~1.3.0
    minimist: ^1.2.0
    strip-json-comments: ~2.0.1
  bin:
    rc: ./cli.js
  checksum: 2e26e052f8be2abd64e6d1dabfbd7be03f80ec18ccbc49562d31f617d0015fbdbcf0f9eed30346ea6ab789e0fdfe4337f033f8016efdbee0df5354751842080e
  languageName: node
  linkType: hard

"readable-stream@npm:^2.0.6":
  version: 2.3.7
  resolution: "readable-stream@npm:2.3.7"
  dependencies:
    core-util-is: ~1.0.0
    inherits: ~2.0.3
    isarray: ~1.0.0
    process-nextick-args: ~2.0.0
    safe-buffer: ~5.1.1
    string_decoder: ~1.1.1
    util-deprecate: ~1.0.1
  checksum: e4920cf7549a60f8aaf694d483a0e61b2a878b969d224f89b3bc788b8d920075132c4b55a7494ee944c7b6a9a0eada28a7f6220d80b0312ece70bbf08eeca755
  languageName: node
  linkType: hard

"readable-stream@npm:^3.1.1, readable-stream@npm:^3.4.0":
  version: 3.6.0
  resolution: "readable-stream@npm:3.6.0"
  dependencies:
    inherits: ^2.0.3
    string_decoder: ^1.1.1
    util-deprecate: ^1.0.1
  checksum: d4ea81502d3799439bb955a3a5d1d808592cf3133350ed352aeaa499647858b27b1c4013984900238b0873ec8d0d8defce72469fb7a83e61d53f5ad61cb80dc8
  languageName: node
  linkType: hard

"retry@npm:^0.12.0":
  version: 0.12.0
  resolution: "retry@npm:0.12.0"
  checksum: 623bd7d2e5119467ba66202d733ec3c2e2e26568074923bc0585b6b99db14f357e79bdedb63cab56cec47491c4a0da7e6021a7465ca6dc4f481d3898fdd3158c
  languageName: node
  linkType: hard

"safe-buffer@npm:^5.0.1, safe-buffer@npm:~5.2.0":
  version: 5.2.1
  resolution: "safe-buffer@npm:5.2.1"
  checksum: b99c4b41fdd67a6aaf280fcd05e9ffb0813654894223afb78a31f14a19ad220bba8aba1cb14eddce1fcfb037155fe6de4e861784eb434f7d11ed58d1e70dd491
  languageName: node
  linkType: hard

"safe-buffer@npm:~5.1.0, safe-buffer@npm:~5.1.1":
  version: 5.1.2
  resolution: "safe-buffer@npm:5.1.2"
  checksum: f2f1f7943ca44a594893a852894055cf619c1fbcb611237fc39e461ae751187e7baf4dc391a72125e0ac4fb2d8c5c0b3c71529622e6a58f46b960211e704903c
  languageName: node
  linkType: hard

"safer-buffer@npm:>= 2.1.2 < 3.0.0":
  version: 2.1.2
  resolution: "safer-buffer@npm:2.1.2"
  checksum: cab8f25ae6f1434abee8d80023d7e72b598cf1327164ddab31003c51215526801e40b66c5e65d658a0af1e9d6478cadcb4c745f4bd6751f97d8644786c0978b0
  languageName: node
  linkType: hard

"semver@npm:^7.3.5":
  version: 7.3.8
  resolution: "semver@npm:7.3.8"
  dependencies:
    lru-cache: ^6.0.0
  bin:
    semver: bin/semver.js
  checksum: ba9c7cbbf2b7884696523450a61fee1a09930d888b7a8d7579025ad93d459b2d1949ee5bbfeb188b2be5f4ac163544c5e98491ad6152df34154feebc2cc337c1
  languageName: node
  linkType: hard

"set-blocking@npm:~2.0.0":
  version: 2.0.0
  resolution: "set-blocking@npm:2.0.0"
  checksum: 6e65a05f7cf7ebdf8b7c75b101e18c0b7e3dff4940d480efed8aad3a36a4005140b660fa1d804cb8bce911cac290441dc728084a30504d3516ac2ff7ad607b02
  languageName: node
  linkType: hard

"shebang-command@npm:^2.0.0":
  version: 2.0.0
  resolution: "shebang-command@npm:2.0.0"
  dependencies:
    shebang-regex: ^3.0.0
  checksum: 6b52fe87271c12968f6a054e60f6bde5f0f3d2db483a1e5c3e12d657c488a15474121a1d55cd958f6df026a54374ec38a4a963988c213b7570e1d51575cea7fa
  languageName: node
  linkType: hard

"shebang-regex@npm:^3.0.0":
  version: 3.0.0
  resolution: "shebang-regex@npm:3.0.0"
  checksum: 1a2bcae50de99034fcd92ad4212d8e01eedf52c7ec7830eedcf886622804fe36884278f2be8be0ea5fde3fd1c23911643a4e0f726c8685b61871c8908af01222
  languageName: node
  linkType: hard

"signal-exit@npm:^3.0.0":
  version: 3.0.5
  resolution: "signal-exit@npm:3.0.5"
  checksum: a1d3d0d63f581bd298b30ed8f6de21b73a0fe5a0c0f123b2e8ed7168bbff8f4c1a45e681de12a1966a89bb725d8eb727816be1c436e136951f31953e4a201587
  languageName: node
  linkType: hard

"signal-exit@npm:^4.0.1":
  version: 4.1.0
  resolution: "signal-exit@npm:4.1.0"
  checksum: 64c757b498cb8629ffa5f75485340594d2f8189e9b08700e69199069c8e3070fb3e255f7ab873c05dc0b3cec412aea7402e10a5990cb6a050bd33ba062a6c549
  languageName: node
  linkType: hard

"simple-concat@npm:^1.0.0":
  version: 1.0.1
  resolution: "simple-concat@npm:1.0.1"
  checksum: 4d211042cc3d73a718c21ac6c4e7d7a0363e184be6a5ad25c8a1502e49df6d0a0253979e3d50dbdd3f60ef6c6c58d756b5d66ac1e05cda9cacd2e9fc59e3876a
  languageName: node
  linkType: hard

"simple-get@npm:^3.0.3":
  version: 3.1.0
  resolution: "simple-get@npm:3.1.0"
  dependencies:
    decompress-response: ^4.2.0
    once: ^1.3.1
    simple-concat: ^1.0.0
  checksum: cca91a9ab2b532fa8d367757c196b54e2dfe3325aab0298d66a3e2a45a29a9d335d1a3fb41f036dad14000f78baddd4170fbf9621d72869791d2912baf9469aa
  languageName: node
  linkType: hard

"smart-buffer@npm:^4.2.0":
  version: 4.2.0
  resolution: "smart-buffer@npm:4.2.0"
  checksum: b5167a7142c1da704c0e3af85c402002b597081dd9575031a90b4f229ca5678e9a36e8a374f1814c8156a725d17008ae3bde63b92f9cfd132526379e580bec8b
  languageName: node
  linkType: hard

"socks-proxy-agent@npm:^8.0.3":
  version: 8.0.5
  resolution: "socks-proxy-agent@npm:8.0.5"
  dependencies:
    agent-base: ^7.1.2
    debug: ^4.3.4
    socks: ^2.8.3
  checksum: b4fbcdb7ad2d6eec445926e255a1fb95c975db0020543fbac8dfa6c47aecc6b3b619b7fb9c60a3f82c9b2969912a5e7e174a056ae4d98cb5322f3524d6036e1d
  languageName: node
  linkType: hard

"socks@npm:^2.8.3":
  version: 2.8.9
  resolution: "socks@npm:2.8.9"
  dependencies:
    ip-address: ^10.1.1
    smart-buffer: ^4.2.0
  checksum: b573ed4cfb935624d3688e7065cd03fd72ca258156923c9ebb9d462e545cd78f296b64a0e36f911b16326c94aabe2bf94ff405f8afef27ac7bf80fa3c971c6f6
  languageName: node
  linkType: hard

"ssri@npm:^10.0.0":
  version: 10.0.6
  resolution: "ssri@npm:10.0.6"
  dependencies:
    minipass: ^7.0.3
  checksum: 4603d53a05bcd44188747d38f1cc43833b9951b5a1ee43ba50535bdfc5fe4a0897472dbe69837570a5417c3c073377ef4f8c1a272683b401857f72738ee57299
  languageName: node
  linkType: hard

"string-width-cjs@npm:string-width@^4.2.0, string-width@npm:^1.0.2 || 2 || 3 || 4, string-width@npm:^4.1.0":
  version: 4.2.3
  resolution: "string-width@npm:4.2.3"
  dependencies:
    emoji-regex: ^8.0.0
    is-fullwidth-code-point: ^3.0.0
    strip-ansi: ^6.0.1
  checksum: e52c10dc3fbfcd6c3a15f159f54a90024241d0f149cf8aed2982a2d801d2e64df0bf1dc351cf8e95c3319323f9f220c16e740b06faecd53e2462df1d2b5443fb
  languageName: node
  linkType: hard

"string-width@npm:^1.0.1":
  version: 1.0.2
  resolution: "string-width@npm:1.0.2"
  dependencies:
    code-point-at: ^1.0.0
    is-fullwidth-code-point: ^1.0.0
    strip-ansi: ^3.0.0
  checksum: 5c79439e95bc3bd7233a332c5f5926ab2ee90b23816ed4faa380ce3b2576d7800b0a5bb15ae88ed28737acc7ea06a518c2eef39142dd727adad0e45c776cd37e
  languageName: node
  linkType: hard

"string-width@npm:^5.0.1, string-width@npm:^5.1.2":
  version: 5.1.2
  resolution: "string-width@npm:5.1.2"
  dependencies:
    eastasianwidth: ^0.2.0
    emoji-regex: ^9.2.2
    strip-ansi: ^7.0.1
  checksum: 7369deaa29f21dda9a438686154b62c2c5f661f8dda60449088f9f980196f7908fc39fdd1803e3e01541970287cf5deae336798337e9319a7055af89dafa7193
  languageName: node
  linkType: hard

"string_decoder@npm:^1.1.1":
  version: 1.3.0
  resolution: "string_decoder@npm:1.3.0"
  dependencies:
    safe-buffer: ~5.2.0
  checksum: 8417646695a66e73aefc4420eb3b84cc9ffd89572861fe004e6aeb13c7bc00e2f616247505d2dbbef24247c372f70268f594af7126f43548565c68c117bdeb56
  languageName: node
  linkType: hard

"string_decoder@npm:~1.1.1":
  version: 1.1.1
  resolution: "string_decoder@npm:1.1.1"
  dependencies:
    safe-buffer: ~5.1.0
  checksum: 9ab7e56f9d60a28f2be697419917c50cac19f3e8e6c28ef26ed5f4852289fe0de5d6997d29becf59028556f2c62983790c1d9ba1e2a3cc401768ca12d5183a5b
  languageName: node
  linkType: hard

"strip-ansi-cjs@npm:strip-ansi@^6.0.1, strip-ansi@npm:^6.0.0, strip-ansi@npm:^6.0.1":
  version: 6.0.1
  resolution: "strip-ansi@npm:6.0.1"
  dependencies:
    ansi-regex: ^5.0.1
  checksum: f3cd25890aef3ba6e1a74e20896c21a46f482e93df4a06567cebf2b57edabb15133f1f94e57434e0a958d61186087b1008e89c94875d019910a213181a14fc8c
  languageName: node
  linkType: hard

"strip-ansi@npm:^3.0.0, strip-ansi@npm:^3.0.1":
  version: 3.0.1
  resolution: "strip-ansi@npm:3.0.1"
  dependencies:
    ansi-regex: ^2.0.0
  checksum: 9b974de611ce5075c70629c00fa98c46144043db92ae17748fb780f706f7a789e9989fd10597b7c2053ae8d1513fd707816a91f1879b2f71e6ac0b6a863db465
  languageName: node
  linkType: hard

"strip-ansi@npm:^7.0.1":
  version: 7.2.0
  resolution: "strip-ansi@npm:7.2.0"
  dependencies:
    ansi-regex: ^6.2.2
  checksum: 96da3bc6d73cfba1218625a3d66cf7d37a69bf0920d8735b28f9eeaafcdb6c1fe8440e1ae9eb1ba0ca355dbe8702da872e105e2e939fa93e7851b3cb5dd7d316
  languageName: node
  linkType: hard

"strip-json-comments@npm:~2.0.1":
  version: 2.0.1
  resolution: "strip-json-comments@npm:2.0.1"
  checksum: 1074ccb63270d32ca28edfb0a281c96b94dc679077828135141f27d52a5a398ef5e78bcf22809d23cadc2b81dfbe345eb5fd8699b385c8b1128907dec4a7d1e1
  languageName: node
  linkType: hard

"tar-fs@npm:^2.0.0":
  version: 2.1.1
  resolution: "tar-fs@npm:2.1.1"
  dependencies:
    chownr: ^1.1.1
    mkdirp-classic: ^0.5.2
    pump: ^3.0.0
    tar-stream: ^2.1.4
  checksum: f5b9a70059f5b2969e65f037b4e4da2daf0fa762d3d232ffd96e819e3f94665dbbbe62f76f084f1acb4dbdcce16c6e4dac08d12ffc6d24b8d76720f4d9cf032d
  languageName: node
  linkType: hard

"tar-stream@npm:^2.1.4":
  version: 2.2.0
  resolution: "tar-stream@npm:2.2.0"
  dependencies:
    bl: ^4.0.3
    end-of-stream: ^1.4.1
    fs-constants: ^1.0.0
    inherits: ^2.0.3
    readable-stream: ^3.1.1
  checksum: 699831a8b97666ef50021c767f84924cfee21c142c2eb0e79c63254e140e6408d6d55a065a2992548e72b06de39237ef2b802b99e3ece93ca3904a37622a66f3
  languageName: node
  linkType: hard

"tar@npm:^6.1.11":
  version: 6.1.13
  resolution: "tar@npm:6.1.13"
  dependencies:
    chownr: ^2.0.0
    fs-minipass: ^2.0.0
    minipass: ^4.0.0
    minizlib: ^2.1.1
    mkdirp: ^1.0.3
    yallist: ^4.0.0
  checksum: 8a278bed123aa9f53549b256a36b719e317c8b96fe86a63406f3c62887f78267cea9b22dc6f7007009738509800d4a4dccc444abd71d762287c90f35b002eb1c
  languageName: node
  linkType: hard

"tar@npm:^6.2.1":
  version: 6.2.1
  resolution: "tar@npm:6.2.1"
  dependencies:
    chownr: ^2.0.0
    fs-minipass: ^2.0.0
    minipass: ^5.0.0
    minizlib: ^2.1.1
    mkdirp: ^1.0.3
    yallist: ^4.0.0
  checksum: f1322768c9741a25356c11373bce918483f40fa9a25c69c59410c8a1247632487edef5fe76c5f12ac51a6356d2f1829e96d2bc34098668a2fc34d76050ac2b6c
  languageName: node
  linkType: hard

"tunnel-agent@npm:^0.6.0":
  version: 0.6.0
  resolution: "tunnel-agent@npm:0.6.0"
  dependencies:
    safe-buffer: ^5.0.1
  checksum: 05f6510358f8afc62a057b8b692f05d70c1782b70db86d6a1e0d5e28a32389e52fa6e7707b6c5ecccacc031462e4bc35af85ecfe4bbc341767917b7cf6965711
  languageName: node
  linkType: hard

"uiohook-napi@npm:1.5.0":
  version: 1.5.0
  resolution: "uiohook-napi@npm:1.5.0"
  dependencies:
    node-gyp: latest
    node-gyp-build: 4.x.x
  checksum: bc1ab004d247e49abb462d5209f13e8ad070a47cbc9eeca11281038dcaabbc298a8af5ad295bbeed0ca99d9858c7c33c4a9f8afbf0ba21f142e78b53d684cc74
  languageName: node
  linkType: hard

"uiohook-napi@patch:uiohook-napi@npm%3A1.5.0#./.yarn/patches/uiohook-napi-npm-1.5.0-3b358779be.patch::locator=oratio-electron%40workspace%3A.":
  version: 1.5.0
  resolution: "uiohook-napi@patch:uiohook-napi@npm%3A1.5.0#./.yarn/patches/uiohook-napi-npm-1.5.0-3b358779be.patch::version=1.5.0&hash=a9d02d&locator=oratio-electron%40workspace%3A."
  dependencies:
    node-gyp: latest
    node-gyp-build: 4.x.x
  checksum: 539a23d05a6dbd6bfcb31843798b53e95dca4b4f935af1e135abc8bb27a6fd8c5a6c55b7a6c43dd417e71d2521123b2fc583ba64985b6a47d49fab5e53366ed3
  languageName: node
  linkType: hard

"unique-filename@npm:^3.0.0":
  version: 3.0.0
  resolution: "unique-filename@npm:3.0.0"
  dependencies:
    unique-slug: ^4.0.0
  checksum: 8e2f59b356cb2e54aab14ff98a51ac6c45781d15ceaab6d4f1c2228b780193dc70fae4463ce9e1df4479cb9d3304d7c2043a3fb905bdeca71cc7e8ce27e063df
  languageName: node
  linkType: hard

"unique-slug@npm:^4.0.0":
  version: 4.0.0
  resolution: "unique-slug@npm:4.0.0"
  dependencies:
    imurmurhash: ^0.1.4
  checksum: 0884b58365af59f89739e6f71e3feacb5b1b41f2df2d842d0757933620e6de08eff347d27e9d499b43c40476cbaf7988638d3acb2ffbcb9d35fd035591adfd15
  languageName: node
  linkType: hard

"util-deprecate@npm:^1.0.1, util-deprecate@npm:~1.0.1":
  version: 1.0.2
  resolution: "util-deprecate@npm:1.0.2"
  checksum: 474acf1146cb2701fe3b074892217553dfcf9a031280919ba1b8d651a068c9b15d863b7303cb15bd00a862b498e6cf4ad7b4a08fb134edd5a6f7641681cb54a2
  languageName: node
  linkType: hard

"which@npm:^2.0.1":
  version: 2.0.2
  resolution: "which@npm:2.0.2"
  dependencies:
    isexe: ^2.0.0
  bin:
    node-which: ./bin/node-which
  checksum: 1a5c563d3c1b52d5f893c8b61afe11abc3bab4afac492e8da5bde69d550de701cf9806235f20a47b5c8fa8a1d6a9135841de2596535e998027a54589000e66d1
  languageName: node
  linkType: hard

"which@npm:^4.0.0":
  version: 4.0.0
  resolution: "which@npm:4.0.0"
  dependencies:
    isexe: ^3.1.1
  bin:
    node-which: bin/which.js
  checksum: f17e84c042592c21e23c8195108cff18c64050b9efb8459589116999ea9da6dd1509e6a1bac3aeebefd137be00fabbb61b5c2bc0aa0f8526f32b58ee2f545651
  languageName: node
  linkType: hard

"wide-align@npm:^1.1.0":
  version: 1.1.5
  resolution: "wide-align@npm:1.1.5"
  dependencies:
    string-width: ^1.0.2 || 2 || 3 || 4
  checksum: d5fc37cd561f9daee3c80e03b92ed3e84d80dde3365a8767263d03dacfc8fa06b065ffe1df00d8c2a09f731482fcacae745abfbb478d4af36d0a891fad4834d3
  languageName: node
  linkType: hard

"wrap-ansi-cjs@npm:wrap-ansi@^7.0.0":
  version: 7.0.0
  resolution: "wrap-ansi@npm:7.0.0"
  dependencies:
    ansi-styles: ^4.0.0
    string-width: ^4.1.0
    strip-ansi: ^6.0.0
  checksum: a790b846fd4505de962ba728a21aaeda189b8ee1c7568ca5e817d85930e06ef8d1689d49dbf0e881e8ef84436af3a88bc49115c2e2788d841ff1b8b5b51a608b
  languageName: node
  linkType: hard

"wrap-ansi@npm:^8.1.0":
  version: 8.1.0
  resolution: "wrap-ansi@npm:8.1.0"
  dependencies:
    ansi-styles: ^6.1.0
    string-width: ^5.0.1
    strip-ansi: ^7.0.1
  checksum: 371733296dc2d616900ce15a0049dca0ef67597d6394c57347ba334393599e800bab03c41d4d45221b6bc967b8c453ec3ae4749eff3894202d16800fdfe0e238
  languageName: node
  linkType: hard

"wrappy@npm:1":
  version: 1.0.2
  resolution: "wrappy@npm:1.0.2"
  checksum: 159da4805f7e84a3d003d8841557196034155008f817172d4e986bd591f74aa82aa7db55929a54222309e01079a65a92a9e6414da5a6aa4b01ee44a511ac3ee5
  languageName: node
  linkType: hard

"yallist@npm:^4.0.0":
  version: 4.0.0
  resolution: "yallist@npm:4.0.0"
  checksum: 343617202af32df2a15a3be36a5a8c0c8545208f3d3dfbc6bb7c3e3b7e8c6f8e7485432e4f3b88da3031a6e20afa7c711eded32ddfb122896ac5d914e75848d5
  languageName: node
  linkType: hard
